// !$*UTF8*$!
{
	archiveVersion = 1;
	classes = {
	};
	objectVersion = 56;
	objects = {

/* Begin PBXBuildFile section */
		5DF911092BD7A4429FF58BB2 /* Pods_ExampleApp_ExampleAppUITests.framework in Frameworks */ = {isa = PBXBuildFile; fileRef = 9372BC226C279B27978B5583 /* Pods_ExampleApp_ExampleAppUITests.framework */; };
		B589776D62B0A3789F9F06A6 /* Pods_ExampleApp.framework in Frameworks */ = {isa = PBXBuildFile; fileRef = 4B0E265CBDA155A5B0FB6841 /* Pods_ExampleApp.framework */; };
		C0AFE868F9730FB72AA51E36 /* Pods_ExampleAppTests.framework in Frameworks */ = {isa = PBXBuildFile; fileRef = 292C233A92E30C0DB86D1091 /* Pods_ExampleAppTests.framework */; };
		D161D5DA2C0E0F4F00214B04 /* OfferDetailsViewController.swift in Sources */ = {isa = PBXBuildFile; fileRef = D161D5D92C0E0F4F00214B04 /* OfferDetailsViewController.swift */; };
		D17407DC2C05F3FA0063F2A7 /* Card.swift in Sources */ = {isa = PBXBuildFile; fileRef = D17407DB2C05F3FA0063F2A7 /* Card.swift */; };
		D19A11DC2C04AA66000B1520 /* AppDelegate.swift in Sources */ = {isa = PBXBuildFile; fileRef = D19A11DB2C04AA66000B1520 /* AppDelegate.swift */; };
		D19A11DE2C04AA66000B1520 /* SceneDelegate.swift in Sources */ = {isa = PBXBuildFile; fileRef = D19A11DD2C04AA66000B1520 /* SceneDelegate.swift */; };
		D19A11E02C04AA66000B1520 /* ViewController.swift in Sources */ = {isa = PBXBuildFile; fileRef = D19A11DF2C04AA66000B1520 /* ViewController.swift */; };
		D19A11E32C04AA66000B1520 /* Base in Resources */ = {isa = PBXBuildFile; fileRef = D19A11E22C04AA66000B1520 /* Base */; };
		D19A11E52C04AA69000B1520 /* Assets.xcassets in Resources */ = {isa = PBXBuildFile; fileRef = D19A11E42C04AA69000B1520 /* Assets.xcassets */; };
		D19A11E82C04AA69000B1520 /* Base in Resources */ = {isa = PBXBuildFile; fileRef = D19A11E72C04AA69000B1520 /* Base */; };
		D19A11F32C04AA69000B1520 /* ExampleAppTests.swift in Sources */ = {isa = PBXBuildFile; fileRef = D19A11F22C04AA69000B1520 /* ExampleAppTests.swift */; };
		D19A11FD2C04AA69000B1520 /* ExampleAppUITests.swift in Sources */ = {isa = PBXBuildFile; fileRef = D19A11FC2C04AA69000B1520 /* ExampleAppUITests.swift */; };
		D19A11FF2C04AA69000B1520 /* ExampleAppUITestsLaunchTests.swift in Sources */ = {isa = PBXBuildFile; fileRef = D19A11FE2C04AA69000B1520 /* ExampleAppUITestsLaunchTests.swift */; };
		D1C84CB92C1AEA3400CB275D /* CustomTableViewCell.swift in Sources */ = {isa = PBXBuildFile; fileRef = D1C84CB72C1AEA3400CB275D /* CustomTableViewCell.swift */; };
		D1C84CBA2C1AEA3400CB275D /* CustomTableViewCell.xib in Resources */ = {isa = PBXBuildFile; fileRef = D1C84CB82C1AEA3400CB275D /* CustomTableViewCell.xib */; };
		D1DBDA722C11A90B00B6ACC6 /* RequestHandler.swift in Sources */ = {isa = PBXBuildFile; fileRef = D1DBDA712C11A90B00B6ACC6 /* RequestHandler.swift */; };
/* End PBXBuildFile section */

/* Begin PBXContainerItemProxy section */
		D19A11EF2C04AA69000B1520 /* PBXContainerItemProxy */ = {
			isa = PBXContainerItemProxy;
			containerPortal = D19A11D02C04AA66000B1520 /* Project object */;
			proxyType = 1;
			remoteGlobalIDString = D19A11D72C04AA66000B1520;
			remoteInfo = ExampleApp;
		};
		D19A11F92C04AA69000B1520 /* PBXContainerItemProxy */ = {
			isa = PBXContainerItemProxy;
			containerPortal = D19A11D02C04AA66000B1520 /* Project object */;
			proxyType = 1;
			remoteGlobalIDString = D19A11D72C04AA66000B1520;
			remoteInfo = ExampleApp;
		};
/* End PBXContainerItemProxy section */

/* Begin PBXFileReference section */
		292C233A92E30C0DB86D1091 /* Pods_ExampleAppTests.framework */ = {isa = PBXFileReference; explicitFileType = wrapper.framework; includeInIndex = 0; path = Pods_ExampleAppTests.framework; sourceTree = BUILT_PRODUCTS_DIR; };
		46CC772EAB5ECEC2E97544EC /* Pods-ExampleAppTests.release.xcconfig */ = {isa = PBXFileReference; includeInIndex = 1; lastKnownFileType = text.xcconfig; name = "Pods-ExampleAppTests.release.xcconfig"; path = "Target Support Files/Pods-ExampleAppTests/Pods-ExampleAppTests.release.xcconfig"; sourceTree = "<group>"; };
		4B0E265CBDA155A5B0FB6841 /* Pods_ExampleApp.framework */ = {isa = PBXFileReference; explicitFileType = wrapper.framework; includeInIndex = 0; path = Pods_ExampleApp.framework; sourceTree = BUILT_PRODUCTS_DIR; };
		5B0E2D5EB325A76D49B5C32B /* Pods-ExampleAppTests.debug.xcconfig */ = {isa = PBXFileReference; includeInIndex = 1; lastKnownFileType = text.xcconfig; name = "Pods-ExampleAppTests.debug.xcconfig"; path = "Target Support Files/Pods-ExampleAppTests/Pods-ExampleAppTests.debug.xcconfig"; sourceTree = "<group>"; };
		5FB79E872E26AFA5FF041BEE /* Pods-ExampleApp.release.xcconfig */ = {isa = PBXFileReference; includeInIndex = 1; lastKnownFileType = text.xcconfig; name = "Pods-ExampleApp.release.xcconfig"; path = "Target Support Files/Pods-ExampleApp/Pods-ExampleApp.release.xcconfig"; sourceTree = "<group>"; };
		9372BC226C279B27978B5583 /* Pods_ExampleApp_ExampleAppUITests.framework */ = {isa = PBXFileReference; explicitFileType = wrapper.framework; includeInIndex = 0; path = Pods_ExampleApp_ExampleAppUITests.framework; sourceTree = BUILT_PRODUCTS_DIR; };
		C75FD045C2DDF3340AF4719E /* Pods-ExampleApp-ExampleAppUITests.debug.xcconfig */ = {isa = PBXFileReference; includeInIndex = 1; lastKnownFileType = text.xcconfig; name = "Pods-ExampleApp-ExampleAppUITests.debug.xcconfig"; path = "Target Support Files/Pods-ExampleApp-ExampleAppUITests/Pods-ExampleApp-ExampleAppUITests.debug.xcconfig"; sourceTree = "<group>"; };
		D161D5D92C0E0F4F00214B04 /* OfferDetailsViewController.swift */ = {isa = PBXFileReference; lastKnownFileType = sourcecode.swift; path = OfferDetailsViewController.swift; sourceTree = "<group>"; };
		D17407DB2C05F3FA0063F2A7 /* Card.swift */ = {isa = PBXFileReference; lastKnownFileType = sourcecode.swift; path = Card.swift; sourceTree = "<group>"; };
		D19A11D82C04AA66000B1520 /* ExampleApp.app */ = {isa = PBXFileReference; explicitFileType = wrapper.application; includeInIndex = 0; path = ExampleApp.app; sourceTree = BUILT_PRODUCTS_DIR; };
		D19A11DB2C04AA66000B1520 /* AppDelegate.swift */ = {isa = PBXFileReference; lastKnownFileType = sourcecode.swift; path = AppDelegate.swift; sourceTree = "<group>"; };
		D19A11DD2C04AA66000B1520 /* SceneDelegate.swift */ = {isa = PBXFileReference; lastKnownFileType = sourcecode.swift; path = SceneDelegate.swift; sourceTree = "<group>"; };
		D19A11DF2C04AA66000B1520 /* ViewController.swift */ = {isa = PBXFileReference; lastKnownFileType = sourcecode.swift; path = ViewController.swift; sourceTree = "<group>"; };
		D19A11E22C04AA66000B1520 /* Base */ = {isa = PBXFileReference; lastKnownFileType = file.storyboard; name = Base; path = Base.lproj/Main.storyboard; sourceTree = "<group>"; };
		D19A11E42C04AA69000B1520 /* Assets.xcassets */ = {isa = PBXFileReference; lastKnownFileType = folder.assetcatalog; path = Assets.xcassets; sourceTree = "<group>"; };
		D19A11E72C04AA69000B1520 /* Base */ = {isa = PBXFileReference; lastKnownFileType = file.storyboard; name = Base; path = Base.lproj/LaunchScreen.storyboard; sourceTree = "<group>"; };
		D19A11E92C04AA69000B1520 /* Info.plist */ = {isa = PBXFileReference; lastKnownFileType = text.plist.xml; path = Info.plist; sourceTree = "<group>"; };
		D19A11EE2C04AA69000B1520 /* ExampleAppTests.xctest */ = {isa = PBXFileReference; explicitFileType = wrapper.cfbundle; includeInIndex = 0; path = ExampleAppTests.xctest; sourceTree = BUILT_PRODUCTS_DIR; };
		D19A11F22C04AA69000B1520 /* ExampleAppTests.swift */ = {isa = PBXFileReference; lastKnownFileType = sourcecode.swift; path = ExampleAppTests.swift; sourceTree = "<group>"; };
		D19A11F82C04AA69000B1520 /* ExampleAppUITests.xctest */ = {isa = PBXFileReference; explicitFileType = wrapper.cfbundle; includeInIndex = 0; path = ExampleAppUITests.xctest; sourceTree = BUILT_PRODUCTS_DIR; };
		D19A11FC2C04AA69000B1520 /* ExampleAppUITests.swift */ = {isa = PBXFileReference; lastKnownFileType = sourcecode.swift; path = ExampleAppUITests.swift; sourceTree = "<group>"; };
		D19A11FE2C04AA69000B1520 /* ExampleAppUITestsLaunchTests.swift */ = {isa = PBXFileReference; lastKnownFileType = sourcecode.swift; path = ExampleAppUITestsLaunchTests.swift; sourceTree = "<group>"; };
		D1C84CB72C1AEA3400CB275D /* CustomTableViewCell.swift */ = {isa = PBXFileReference; lastKnownFileType = sourcecode.swift; path = CustomTableViewCell.swift; sourceTree = "<group>"; };
		D1C84CB82C1AEA3400CB275D /* CustomTableViewCell.xib */ = {isa = PBXFileReference; lastKnownFileType = file.xib; path = CustomTableViewCell.xib; sourceTree = "<group>"; };
		D1DBDA712C11A90B00B6ACC6 /* RequestHandler.swift */ = {isa = PBXFileReference; lastKnownFileType = sourcecode.swift; path = RequestHandler.swift; sourceTree = "<group>"; };
		DB2392C798937B312D145AE1 /* Pods-ExampleApp-ExampleAppUITests.release.xcconfig */ = {isa = PBXFileReference; includeInIndex = 1; lastKnownFileType = text.xcconfig; name = "Pods-ExampleApp-ExampleAppUITests.release.xcconfig"; path = "Target Support Files/Pods-ExampleApp-ExampleAppUITests/Pods-ExampleApp-ExampleAppUITests.release.xcconfig"; sourceTree = "<group>"; };
		E4C882BB576ABD9C05B34757 /* Pods-ExampleApp.debug.xcconfig */ = {isa = PBXFileReference; includeInIndex = 1; lastKnownFileType = text.xcconfig; name = "Pods-ExampleApp.debug.xcconfig"; path = "Target Support Files/Pods-ExampleApp/Pods-ExampleApp.debug.xcconfig"; sourceTree = "<group>"; };
/* End PBXFileReference section */

/* Begin PBXFrameworksBuildPhase section */
		D19A11D52C04AA66000B1520 /* Frameworks */ = {
			isa = PBXFrameworksBuildPhase;
			buildActionMask = 2147483647;
			files = (
				B589776D62B0A3789F9F06A6 /* Pods_ExampleApp.framework in Frameworks */,
			);
			runOnlyForDeploymentPostprocessing = 0;
		};
		D19A11EB2C04AA69000B1520 /* Frameworks */ = {
			isa = PBXFrameworksBuildPhase;
			buildActionMask = 2147483647;
			files = (
				C0AFE868F9730FB72AA51E36 /* Pods_ExampleAppTests.framework in Frameworks */,
			);
			runOnlyForDeploymentPostprocessing = 0;
		};
		D19A11F52C04AA69000B1520 /* Frameworks */ = {
			isa = PBXFrameworksBuildPhase;
			buildActionMask = 2147483647;
			files = (
				5DF911092BD7A4429FF58BB2 /* Pods_ExampleApp_ExampleAppUITests.framework in Frameworks */,
			);
			runOnlyForDeploymentPostprocessing = 0;
		};
/* End PBXFrameworksBuildPhase section */

/* Begin PBXGroup section */
		A5433C9DE44951AEA836F82E /* Pods */ = {
			isa = PBXGroup;
			children = (
				E4C882BB576ABD9C05B34757 /* Pods-ExampleApp.debug.xcconfig */,
				5FB79E872E26AFA5FF041BEE /* Pods-ExampleApp.release.xcconfig */,
				C75FD045C2DDF3340AF4719E /* Pods-ExampleApp-ExampleAppUITests.debug.xcconfig */,
				DB2392C798937B312D145AE1 /* Pods-ExampleApp-ExampleAppUITests.release.xcconfig */,
				5B0E2D5EB325A76D49B5C32B /* Pods-ExampleAppTests.debug.xcconfig */,
				46CC772EAB5ECEC2E97544EC /* Pods-ExampleAppTests.release.xcconfig */,
			);
			path = Pods;
			sourceTree = "<group>";
		};
		D1703A2E2C2AF2B2008EA161 /* Network */ = {
			isa = PBXGroup;
			children = (
				D1DBDA712C11A90B00B6ACC6 /* RequestHandler.swift */,
			);
			path = Network;
			sourceTree = "<group>";
		};
		D1703A2F2C2AF2C4008EA161 /* Models */ = {
			isa = PBXGroup;
			children = (
				D17407DB2C05F3FA0063F2A7 /* Card.swift */,
			);
			path = Models;
			sourceTree = "<group>";
		};
		D1703A302C2AF2D6008EA161 /* ViewControllers */ = {
			isa = PBXGroup;
			children = (
				D19A11DF2C04AA66000B1520 /* ViewController.swift */,
				D161D5D92C0E0F4F00214B04 /* OfferDetailsViewController.swift */,
			);
			path = ViewControllers;
			sourceTree = "<group>";
		};
		D1703A322C2AF2F6008EA161 /* View */ = {
			isa = PBXGroup;
			children = (
				D1703A332C2AF349008EA161 /* TableViewCell */,
				D19A11E12C04AA66000B1520 /* Main.storyboard */,
				D19A11E62C04AA69000B1520 /* LaunchScreen.storyboard */,
			);
			path = View;
			sourceTree = "<group>";
		};
		D1703A332C2AF349008EA161 /* TableViewCell */ = {
			isa = PBXGroup;
			children = (
				D1C84CB72C1AEA3400CB275D /* CustomTableViewCell.swift */,
				D1C84CB82C1AEA3400CB275D /* CustomTableViewCell.xib */,
			);
			path = TableViewCell;
			sourceTree = "<group>";
		};
		D18C44DB2C05DECD00EE7E63 /* Resources */ = {
			isa = PBXGroup;
			children = (
			);
			path = Resources;
			sourceTree = "<group>";
		};
		D19A11CF2C04AA66000B1520 = {
			isa = PBXGroup;
			children = (
				D19A11DA2C04AA66000B1520 /* ExampleApp */,
				D19A11F12C04AA69000B1520 /* ExampleAppTests */,
				D19A11FB2C04AA69000B1520 /* ExampleAppUITests */,
				D19A11D92C04AA66000B1520 /* Products */,
				A5433C9DE44951AEA836F82E /* Pods */,
				D51918755252B5C46DF9BAEA /* Frameworks */,
			);
			sourceTree = "<group>";
		};
		D19A11D92C04AA66000B1520 /* Products */ = {
			isa = PBXGroup;
			children = (
				D19A11D82C04AA66000B1520 /* ExampleApp.app */,
				D19A11EE2C04AA69000B1520 /* ExampleAppTests.xctest */,
				D19A11F82C04AA69000B1520 /* ExampleAppUITests.xctest */,
			);
			name = Products;
			sourceTree = "<group>";
		};
		D19A11DA2C04AA66000B1520 /* ExampleApp */ = {
			isa = PBXGroup;
			children = (
				D1703A322C2AF2F6008EA161 /* View */,
				D1703A302C2AF2D6008EA161 /* ViewControllers */,
				D1703A2F2C2AF2C4008EA161 /* Models */,
				D1703A2E2C2AF2B2008EA161 /* Network */,
				D18C44DB2C05DECD00EE7E63 /* Resources */,
				D19A11DB2C04AA66000B1520 /* AppDelegate.swift */,
				D19A11DD2C04AA66000B1520 /* SceneDelegate.swift */,
				D19A11E42C04AA69000B1520 /* Assets.xcassets */,
				D19A11E92C04AA69000B1520 /* Info.plist */,
			);
			path = ExampleApp;
			sourceTree = "<group>";
		};
		D19A11F12C04AA69000B1520 /* ExampleAppTests */ = {
			isa = PBXGroup;
			children = (
				D19A11F22C04AA69000B1520 /* ExampleAppTests.swift */,
			);
			path = ExampleAppTests;
			sourceTree = "<group>";
		};
		D19A11FB2C04AA69000B1520 /* ExampleAppUITests */ = {
			isa = PBXGroup;
			children = (
				D19A11FC2C04AA69000B1520 /* ExampleAppUITests.swift */,
				D19A11FE2C04AA69000B1520 /* ExampleAppUITestsLaunchTests.swift */,
			);
			path = ExampleAppUITests;
			sourceTree = "<group>";
		};
		D51918755252B5C46DF9BAEA /* Frameworks */ = {
			isa = PBXGroup;
			children = (
				4B0E265CBDA155A5B0FB6841 /* Pods_ExampleApp.framework */,
				9372BC226C279B27978B5583 /* Pods_ExampleApp_ExampleAppUITests.framework */,
				292C233A92E30C0DB86D1091 /* Pods_ExampleAppTests.framework */,
			);
			name = Frameworks;
			sourceTree = "<group>";
		};
/* End PBXGroup section */

/* Begin PBXNativeTarget section */
		D19A11D72C04AA66000B1520 /* ExampleApp */ = {
			isa = PBXNativeTarget;
			buildConfigurationList = D19A12022C04AA69000B1520 /* Build configuration list for PBXNativeTarget "ExampleApp" */;
			buildPhases = (
				E60D438F886687E0EF4EF847 /* [CP] Check Pods Manifest.lock */,
				D19A11D42C04AA66000B1520 /* Sources */,
				D19A11D52C04AA66000B1520 /* Frameworks */,
				D19A11D62C04AA66000B1520 /* Resources */,
				2D22AE30E5FFC1DBF0F2A522 /* [CP] Embed Pods Frameworks */,
				D13F0EBB2C29AD4D0026F0D9 /* ShellScript */,
			);
			buildRules = (
			);
			dependencies = (
			);
			name = ExampleApp;
			productName = ExampleApp;
			productReference = D19A11D82C04AA66000B1520 /* ExampleApp.app */;
			productType = "com.apple.product-type.application";
		};
		D19A11ED2C04AA69000B1520 /* ExampleAppTests */ = {
			isa = PBXNativeTarget;
			buildConfigurationList = D19A12052C04AA69000B1520 /* Build configuration list for PBXNativeTarget "ExampleAppTests" */;
			buildPhases = (
				6B7E287E09F001AF3514936A /* [CP] Check Pods Manifest.lock */,
				D19A11EA2C04AA69000B1520 /* Sources */,
				D19A11EB2C04AA69000B1520 /* Frameworks */,
				D19A11EC2C04AA69000B1520 /* Resources */,
			);
			buildRules = (
			);
			dependencies = (
				D19A11F02C04AA69000B1520 /* PBXTargetDependency */,
			);
			name = ExampleAppTests;
			productName = ExampleAppTests;
			productReference = D19A11EE2C04AA69000B1520 /* ExampleAppTests.xctest */;
			productType = "com.apple.product-type.bundle.unit-test";
		};
		D19A11F72C04AA69000B1520 /* ExampleAppUITests */ = {
			isa = PBXNativeTarget;
			buildConfigurationList = D19A12082C04AA69000B1520 /* Build configuration list for PBXNativeTarget "ExampleAppUITests" */;
			buildPhases = (
				D2B1F92D68DB0DD400A00EAE /* [CP] Check Pods Manifest.lock */,
				D19A11F42C04AA69000B1520 /* Sources */,
				D19A11F52C04AA69000B1520 /* Frameworks */,
				D19A11F62C04AA69000B1520 /* Resources */,
				973A67AF27AD00BC7193761D /* [CP] Embed Pods Frameworks */,
			);
			buildRules = (
			);
			dependencies = (
				D19A11FA2C04AA69000B1520 /* PBXTargetDependency */,
			);
			name = ExampleAppUITests;
			productName = ExampleAppUITests;
			productReference = D19A11F82C04AA69000B1520 /* ExampleAppUITests.xctest */;
			productType = "com.apple.product-type.bundle.ui-testing";
		};
/* End PBXNativeTarget section */

/* Begin PBXProject section */
		D19A11D02C04AA66000B1520 /* Project object */ = {
			isa = PBXProject;
			attributes = {
				BuildIndependentTargetsInParallel = 1;
				LastSwiftUpdateCheck = 1540;
				LastUpgradeCheck = 1540;
				TargetAttributes = {
					D19A11D72C04AA66000B1520 = {
						CreatedOnToolsVersion = 15.4;
					};
					D19A11ED2C04AA69000B1520 = {
						CreatedOnToolsVersion = 15.4;
						TestTargetID = D19A11D72C04AA66000B1520;
					};
					D19A11F72C04AA69000B1520 = {
						CreatedOnToolsVersion = 15.4;
						TestTargetID = D19A11D72C04AA66000B1520;
					};
				};
			};
			buildConfigurationList = D19A11D32C04AA66000B1520 /* Build configuration list for PBXProject "ExampleApp" */;
			compatibilityVersion = "Xcode 14.0";
			developmentRegion = en;
			hasScannedForEncodings = 0;
			knownRegions = (
				en,
				Base,
			);
			mainGroup = D19A11CF2C04AA66000B1520;
			productRefGroup = D19A11D92C04AA66000B1520 /* Products */;
			projectDirPath = "";
			projectRoot = "";
			targets = (
				D19A11D72C04AA66000B1520 /* ExampleApp */,
				D19A11ED2C04AA69000B1520 /* ExampleAppTests */,
				D19A11F72C04AA69000B1520 /* ExampleAppUITests */,
			);
		};
/* End PBXProject section */

/* Begin PBXResourcesBuildPhase section */
		D19A11D62C04AA66000B1520 /* Resources */ = {
			isa = PBXResourcesBuildPhase;
			buildActionMask = 2147483647;
			files = (
				D19A11E52C04AA69000B1520 /* Assets.xcassets in Resources */,
				D19A11E82C04AA69000B1520 /* Base in Resources */,
				D1C84CBA2C1AEA3400CB275D /* CustomTableViewCell.xib in Resources */,
				D19A11E32C04AA66000B1520 /* Base in Resources */,
			);
			runOnlyForDeploymentPostprocessing = 0;
		};
		D19A11EC2C04AA69000B1520 /* Resources */ = {
			isa = PBXResourcesBuildPhase;
			buildActionMask = 2147483647;
			files = (
			);
			runOnlyForDeploymentPostprocessing = 0;
		};
		D19A11F62C04AA69000B1520 /* Resources */ = {
			isa = PBXResourcesBuildPhase;
			buildActionMask = 2147483647;
			files = (
			);
			runOnlyForDeploymentPostprocessing = 0;
		};
/* End PBXResourcesBuildPhase section */

/* Begin PBXShellScriptBuildPhase section */
		2D22AE30E5FFC1DBF0F2A522 /* [CP] Embed Pods Frameworks */ = {
			isa = PBXShellScriptBuildPhase;
			buildActionMask = 12;
			files = (
			);
			inputFileListPaths = (
				"${PODS_ROOT}/Target Support Files/Pods-ExampleApp/Pods-ExampleApp-frameworks-${CONFIGURATION}-input-files.xcfilelist",
			);
			name = "[CP] Embed Pods Frameworks";
			outputFileListPaths = (
				"${PODS_ROOT}/Target Support Files/Pods-ExampleApp/Pods-ExampleApp-frameworks-${CONFIGURATION}-output-files.xcfilelist",
			);
			runOnlyForDeploymentPostprocessing = 0;
			shellPath = /bin/sh;
			shellScript = "\"${PODS_ROOT}/Target Support Files/Pods-ExampleApp/Pods-ExampleApp-frameworks.sh\"\n";
			showEnvVarsInLog = 0;
		};
		6B7E287E09F001AF3514936A /* [CP] Check Pods Manifest.lock */ = {
			isa = PBXShellScriptBuildPhase;
			buildActionMask = 2147483647;
			files = (
			);
			inputFileListPaths = (
			);
			inputPaths = (
				"${PODS_PODFILE_DIR_PATH}/Podfile.lock",
				"${PODS_ROOT}/Manifest.lock",
			);
			name = "[CP] Check Pods Manifest.lock";
			outputFileListPaths = (
			);
			outputPaths = (
				"$(DERIVED_FILE_DIR)/Pods-ExampleAppTests-checkManifestLockResult.txt",
			);
			runOnlyForDeploymentPostprocessing = 0;
			shellPath = /bin/sh;
			shellScript = "diff \"${PODS_PODFILE_DIR_PATH}/Podfile.lock\" \"${PODS_ROOT}/Manifest.lock\" > /dev/null\nif [ $? != 0 ] ; then\n    # print error to STDERR\n    echo \"error: The sandbox is not in sync with the Podfile.lock. Run 'pod install' or update your CocoaPods installation.\" >&2\n    exit 1\nfi\n# This output is used by Xcode 'outputs' to avoid re-running this script phase.\necho \"SUCCESS\" > \"${SCRIPT_OUTPUT_FILE_0}\"\n";
			showEnvVarsInLog = 0;
		};
		973A67AF27AD00BC7193761D /* [CP] Embed Pods Frameworks */ = {
			isa = PBXShellScriptBuildPhase;
			buildActionMask = 2147483647;
			files = (
			);
			inputFileListPaths = (
				"${PODS_ROOT}/Target Support Files/Pods-ExampleApp-ExampleAppUITests/Pods-ExampleApp-ExampleAppUITests-frameworks-${CONFIGURATION}-input-files.xcfilelist",
			);
			name = "[CP] Embed Pods Frameworks";
			outputFileListPaths = (
				"${PODS_ROOT}/Target Support Files/Pods-ExampleApp-ExampleAppUITests/Pods-ExampleApp-ExampleAppUITests-frameworks-${CONFIGURATION}-output-files.xcfilelist",
			);
			runOnlyForDeploymentPostprocessing = 0;
			shellPath = /bin/sh;
			shellScript = "\"${PODS_ROOT}/Target Support Files/Pods-ExampleApp-ExampleAppUITests/Pods-ExampleApp-ExampleAppUITests-frameworks.sh\"\n";
			showEnvVarsInLog = 0;
		};
		D13F0EBB2C29AD4D0026F0D9 /* ShellScript */ = {
			isa = PBXShellScriptBuildPhase;
			buildActionMask = 2147483647;
			files = (
			);
			inputFileListPaths = (
			);
			inputPaths = (
			);
			outputFileListPaths = (
			);
			outputPaths = (
			);
			runOnlyForDeploymentPostprocessing = 0;
			shellPath = /bin/sh;
			shellScript = "${PODS_ROOT}/SwiftLint/swiftlint\n";
		};
		D2B1F92D68DB0DD400A00EAE /* [CP] Check Pods Manifest.lock */ = {
			isa = PBXShellScriptBuildPhase;
			buildActionMask = 2147483647;
			files = (
			);
			inputFileListPaths = (
			);
			inputPaths = (
				"${PODS_PODFILE_DIR_PATH}/Podfile.lock",
				"${PODS_ROOT}/Manifest.lock",
			);
			name = "[CP] Check Pods Manifest.lock";
			outputFileListPaths = (
			);
			outputPaths = (
				"$(DERIVED_FILE_DIR)/Pods-ExampleApp-ExampleAppUITests-checkManifestLockResult.txt",
			);
			runOnlyForDeploymentPostprocessing = 0;
			shellPath = /bin/sh;
			shellScript = "diff \"${PODS_PODFILE_DIR_PATH}/Podfile.lock\" \"${PODS_ROOT}/Manifest.lock\" > /dev/null\nif [ $? != 0 ] ; then\n    # print error to STDERR\n    echo \"error: The sandbox is not in sync with the Podfile.lock. Run 'pod install' or update your CocoaPods installation.\" >&2\n    exit 1\nfi\n# This output is used by Xcode 'outputs' to avoid re-running this script phase.\necho \"SUCCESS\" > \"${SCRIPT_OUTPUT_FILE_0}\"\n";
			showEnvVarsInLog = 0;
		};
		E60D438F886687E0EF4EF847 /* [CP] Check Pods Manifest.lock */ = {
			isa = PBXShellScriptBuildPhase;
			buildActionMask = 2147483647;
			files = (
			);
			inputFileListPaths = (
			);
			inputPaths = (
				"${PODS_PODFILE_DIR_PATH}/Podfile.lock",
				"${PODS_ROOT}/Manifest.lock",
			);
			name = "[CP] Check Pods Manifest.lock";
			outputFileListPaths = (
			);
			outputPaths = (
				"$(DERIVED_FILE_DIR)/Pods-ExampleApp-checkManifestLockResult.txt",
			);
			runOnlyForDeploymentPostprocessing = 0;
			shellPath = /bin/sh;
			shellScript = "diff \"${PODS_PODFILE_DIR_PATH}/Podfile.lock\" \"${PODS_ROOT}/Manifest.lock\" > /dev/null\nif [ $? != 0 ] ; then\n    # print error to STDERR\n    echo \"error: The sandbox is not in sync with the Podfile.lock. Run 'pod install' or update your CocoaPods installation.\" >&2\n    exit 1\nfi\n# This output is used by Xcode 'outputs' to avoid re-running this script phase.\necho \"SUCCESS\" > \"${SCRIPT_OUTPUT_FILE_0}\"\n";
			showEnvVarsInLog = 0;
		};
/* End PBXShellScriptBuildPhase section */

/* Begin PBXSourcesBuildPhase section */
		D19A11D42C04AA66000B1520 /* Sources */ = {
			isa = PBXSourcesBuildPhase;
			buildActionMask = 2147483647;
			files = (
				D1DBDA722C11A90B00B6ACC6 /* RequestHandler.swift in Sources */,
				D161D5DA2C0E0F4F00214B04 /* OfferDetailsViewController.swift in Sources */,
				D1C84CB92C1AEA3400CB275D /* CustomTableViewCell.swift in Sources */,
				D19A11E02C04AA66000B1520 /* ViewController.swift in Sources */,
				D19A11DC2C04AA66000B1520 /* AppDelegate.swift in Sources */,
				D19A11DE2C04AA66000B1520 /* SceneDelegate.swift in Sources */,
				D17407DC2C05F3FA0063F2A7 /* Card.swift in Sources */,
			);
			runOnlyForDeploymentPostprocessing = 0;
		};
		D19A11EA2C04AA69000B1520 /* Sources */ = {
			isa = PBXSourcesBuildPhase;
			buildActionMask = 2147483647;
			files = (
				D19A11F32C04AA69000B1520 /* ExampleAppTests.swift in Sources */,
			);
			runOnlyForDeploymentPostprocessing = 0;
		};
		D19A11F42C04AA69000B1520 /* Sources */ = {
			isa = PBXSourcesBuildPhase;
			buildActionMask = 2147483647;
			files = (
				D19A11FD2C04AA69000B1520 /* ExampleAppUITests.swift in Sources */,
				D19A11FF2C04AA69000B1520 /* ExampleAppUITestsLaunchTests.swift in Sources */,
			);
			runOnlyForDeploymentPostprocessing = 0;
		};
/* End PBXSourcesBuildPhase section */

/* Begin PBXTargetDependency section */
		D19A11F02C04AA69000B1520 /* PBXTargetDependency */ = {
			isa = PBXTargetDependency;
			target = D19A11D72C04AA66000B1520 /* ExampleApp */;
			targetProxy = D19A11EF2C04AA69000B1520 /* PBXContainerItemProxy */;
		};
		D19A11FA2C04AA69000B1520 /* PBXTargetDependency */ = {
			isa = PBXTargetDependency;
			target = D19A11D72C04AA66000B1520 /* ExampleApp */;
			targetProxy = D19A11F92C04AA69000B1520 /* PBXContainerItemProxy */;
		};
/* End PBXTargetDependency section */

/* Begin PBXVariantGroup section */
		D19A11E12C04AA66000B1520 /* Main.storyboard */ = {
			isa = PBXVariantGroup;
			children = (
				D19A11E22C04AA66000B1520 /* Base */,
			);
			name = Main.storyboard;
			sourceTree = "<group>";
		};
		D19A11E62C04AA69000B1520 /* LaunchScreen.storyboard */ = {
			isa = PBXVariantGroup;
			children = (
				D19A11E72C04AA69000B1520 /* Base */,
			);
			name = LaunchScreen.storyboard;
			sourceTree = "<group>";
		};
/* End PBXVariantGroup section */

/* Begin XCBuildConfiguration section */
		D19A12002C04AA69000B1520 /* Debug */ = {
			isa = XCBuildConfiguration;
			buildSettings = {
				ALWAYS_SEARCH_USER_PATHS = NO;
				ASSETCATALOG_COMPILER_GENERATE_SWIFT_ASSET_SYMBOL_EXTENSIONS = YES;
				CLANG_ANALYZER_NONNULL = YES;
				CLANG_ANALYZER_NUMBER_OBJECT_CONVERSION = YES_AGGRESSIVE;
				CLANG_CXX_LANGUAGE_STANDARD = "gnu++20";
				CLANG_ENABLE_MODULES = YES;
				CLANG_ENABLE_OBJC_ARC = YES;
				CLANG_ENABLE_OBJC_WEAK = YES;
				CLANG_WARN_BLOCK_CAPTURE_AUTORELEASING = YES;
				CLANG_WARN_BOOL_CONVERSION = YES;
				CLANG_WARN_COMMA = YES;
				CLANG_WARN_CONSTANT_CONVERSION = YES;
				CLANG_WARN_DEPRECATED_OBJC_IMPLEMENTATIONS = YES;
				CLANG_WARN_DIRECT_OBJC_ISA_USAGE = YES_ERROR;
				CLANG_WARN_DOCUMENTATION_COMMENTS = YES;
				CLANG_WARN_EMPTY_BODY = YES;
				CLANG_WARN_ENUM_CONVERSION = YES;
				CLANG_WARN_INFINITE_RECURSION = YES;
				CLANG_WARN_INT_CONVERSION = YES;
				CLANG_WARN_NON_LITERAL_NULL_CONVERSION = YES;
				CLANG_WARN_OBJC_IMPLICIT_RETAIN_SELF = YES;
				CLANG_WARN_OBJC_LITERAL_CONVERSION = YES;
				CLANG_WARN_OBJC_ROOT_CLASS = YES_ERROR;
				CLANG_WARN_QUOTED_INCLUDE_IN_FRAMEWORK_HEADER = YES;
				CLANG_WARN_RANGE_LOOP_ANALYSIS = YES;
				CLANG_WARN_STRICT_PROTOTYPES = YES;
				CLANG_WARN_SUSPICIOUS_MOVE = YES;
				CLANG_WARN_UNGUARDED_AVAILABILITY = YES_AGGRESSIVE;
				CLANG_WARN_UNREACHABLE_CODE = YES;
				CLANG_WARN__DUPLICATE_METHOD_MATCH = YES;
				COPY_PHASE_STRIP = NO;
				DEBUG_INFORMATION_FORMAT = dwarf;
				ENABLE_STRICT_OBJC_MSGSEND = YES;
				ENABLE_TESTABILITY = YES;
				ENABLE_USER_SCRIPT_SANDBOXING = NO;
				GCC_C_LANGUAGE_STANDARD = gnu17;
				GCC_DYNAMIC_NO_PIC = NO;
				GCC_NO_COMMON_BLOCKS = YES;
				GCC_OPTIMIZATION_LEVEL = 0;
				GCC_PREPROCESSOR_DEFINITIONS = (
					"DEBUG=1",
					"$(inherited)",
				);
				GCC_WARN_64_TO_32_BIT_CONVERSION = YES;
				GCC_WARN_ABOUT_RETURN_TYPE = YES_ERROR;
				GCC_WARN_UNDECLARED_SELECTOR = YES;
				GCC_WARN_UNINITIALIZED_AUTOS = YES_AGGRESSIVE;
				GCC_WARN_UNUSED_FUNCTION = YES;
				GCC_WARN_UNUSED_VARIABLE = YES;
				IPHONEOS_DEPLOYMENT_TARGET = 17.5;
				LOCALIZATION_PREFERS_STRING_CATALOGS = YES;
				MTL_ENABLE_DEBUG_INFO = INCLUDE_SOURCE;
				MTL_FAST_MATH = YES;
				ONLY_ACTIVE_ARCH = YES;
				SDKROOT = iphoneos;
				SWIFT_ACTIVE_COMPILATION_CONDITIONS = "DEBUG $(inherited)";
				SWIFT_OPTIMIZATION_LEVEL = "-Onone";
			};
			name = Debug;
		};
		D19A12012C04AA69000B1520 /* Release */ = {
			isa = XCBuildConfiguration;
			buildSettings = {
				ALWAYS_SEARCH_USER_PATHS = NO;
				ASSETCATALOG_COMPILER_GENERATE_SWIFT_ASSET_SYMBOL_EXTENSIONS = YES;
				CLANG_ANALYZER_NONNULL = YES;
				CLANG_ANALYZER_NUMBER_OBJECT_CONVERSION = YES_AGGRESSIVE;
				CLANG_CXX_LANGUAGE_STANDARD = "gnu++20";
				CLANG_ENABLE_MODULES = YES;
				CLANG_ENABLE_OBJC_ARC = YES;
				CLANG_ENABLE_OBJC_WEAK = YES;
				CLANG_WARN_BLOCK_CAPTURE_AUTORELEASING = YES;
				CLANG_WARN_BOOL_CONVERSION = YES;
				CLANG_WARN_COMMA = YES;
				CLANG_WARN_CONSTANT_CONVERSION = YES;
				CLANG_WARN_DEPRECATED_OBJC_IMPLEMENTATIONS = YES;
				CLANG_WARN_DIRECT_OBJC_ISA_USAGE = YES_ERROR;
				CLANG_WARN_DOCUMENTATION_COMMENTS = YES;
				CLANG_WARN_EMPTY_BODY = YES;
				CLANG_WARN_ENUM_CONVERSION = YES;
				CLANG_WARN_INFINITE_RECURSION = YES;
				CLANG_WARN_INT_CONVERSION = YES;
				CLANG_WARN_NON_LITERAL_NULL_CONVERSION = YES;
				CLANG_WARN_OBJC_IMPLICIT_RETAIN_SELF = YES;
				CLANG_WARN_OBJC_LITERAL_CONVERSION = YES;
				CLANG_WARN_OBJC_ROOT_CLASS = YES_ERROR;
				CLANG_WARN_QUOTED_INCLUDE_IN_FRAMEWORK_HEADER = YES;
				CLANG_WARN_RANGE_LOOP_ANALYSIS = YES;
				CLANG_WARN_STRICT_PROTOTYPES = YES;
				CLANG_WARN_SUSPICIOUS_MOVE = YES;
				CLANG_WARN_UNGUARDED_AVAILABILITY = YES_AGGRESSIVE;
				CLANG_WARN_UNREACHABLE_CODE = YES;
				CLANG_WARN__DUPLICATE_METHOD_MATCH = YES;
				COPY_PHASE_STRIP = NO;
				DEBUG_INFORMATION_FORMAT = "dwarf-with-dsym";
				ENABLE_NS_ASSERTIONS = NO;
				ENABLE_STRICT_OBJC_MSGSEND = YES;
				ENABLE_USER_SCRIPT_SANDBOXING = NO;
				GCC_C_LANGUAGE_STANDARD = gnu17;
				GCC_NO_COMMON_BLOCKS = YES;
				GCC_WARN_64_TO_32_BIT_CONVERSION = YES;
				GCC_WARN_ABOUT_RETURN_TYPE = YES_ERROR;
				GCC_WARN_UNDECLARED_SELECTOR = YES;
				GCC_WARN_UNINITIALIZED_AUTOS = YES_AGGRESSIVE;
				GCC_WARN_UNUSED_FUNCTION = YES;
				GCC_WARN_UNUSED_VARIABLE = YES;
				IPHONEOS_DEPLOYMENT_TARGET = 17.5;
				LOCALIZATION_PREFERS_STRING_CATALOGS = YES;
				MTL_ENABLE_DEBUG_INFO = NO;
				MTL_FAST_MATH = YES;
				SDKROOT = iphoneos;
				SWIFT_COMPILATION_MODE = wholemodule;
				VALIDATE_PRODUCT = YES;
			};
			name = Release;
		};
		D19A12032C04AA69000B1520 /* Debug */ = {
			isa = XCBuildConfiguration;
			baseConfigurationReference = E4C882BB576ABD9C05B34757 /* Pods-ExampleApp.debug.xcconfig */;
			buildSettings = {
				ASSETCATALOG_COMPILER_APPICON_NAME = AppIcon;
				ASSETCATALOG_COMPILER_GLOBAL_ACCENT_COLOR_NAME = AccentColor;
				CODE_SIGN_STYLE = Automatic;
				CURRENT_PROJECT_VERSION = 1;
				GENERATE_INFOPLIST_FILE = YES;
				INFOPLIST_FILE = ExampleApp/Info.plist;
				INFOPLIST_KEY_UIApplicationSupportsIndirectInputEvents = YES;
				INFOPLIST_KEY_UILaunchStoryboardName = LaunchScreen;
				INFOPLIST_KEY_UIMainStoryboardFile = Main;
				INFOPLIST_KEY_UISupportedInterfaceOrientations = "UIInterfaceOrientationLandscapeLeft UIInterfaceOrientationLandscapeRight UIInterfaceOrientationPortrait";
				INFOPLIST_KEY_UISupportedInterfaceOrientations_iPad = "UIInterfaceOrientationLandscapeLeft UIInterfaceOrientationLandscapeRight UIInterfaceOrientationPortrait UIInterfaceOrientationPortraitUpsideDown";
				LD_RUNPATH_SEARCH_PATHS = (
					"$(inherited)",
					"@executable_path/Frameworks",
				);
				MARKETING_VERSION = 1.0;
				PRODUCT_BUNDLE_IDENTIFIER = com.pinter.balazs.ExampleApp;
				PRODUCT_NAME = "$(TARGET_NAME)";
				SWIFT_EMIT_LOC_STRINGS = YES;
				SWIFT_VERSION = 5.0;
				TARGETED_DEVICE_FAMILY = "1,2";
			};
			name = Debug;
		};
		D19A12042C04AA69000B1520 /* Release */ = {
			isa = XCBuildConfiguration;
			baseConfigurationReference = 5FB79E872E26AFA5FF041BEE /* Pods-ExampleApp.release.xcconfig */;
			buildSettings = {
				ASSETCATALOG_COMPILER_APPICON_NAME = AppIcon;
				ASSETCATALOG_COMPILER_GLOBAL_ACCENT_COLOR_NAME = AccentColor;
				CODE_SIGN_STYLE = Automatic;
				CURRENT_PROJECT_VERSION = 1;
				GENERATE_INFOPLIST_FILE = YES;
				INFOPLIST_FILE = ExampleApp/Info.plist;
				INFOPLIST_KEY_UIApplicationSupportsIndirectInputEvents = YES;
				INFOPLIST_KEY_UILaunchStoryboardName = LaunchScreen;
				INFOPLIST_KEY_UIMainStoryboardFile = Main;
				INFOPLIST_KEY_UISupportedInterfaceOrientations = "UIInterfaceOrientationLandscapeLeft UIInterfaceOrientationLandscapeRight UIInterfaceOrientationPortrait";
				INFOPLIST_KEY_UISupportedInterfaceOrientations_iPad = "UIInterfaceOrientationLandscapeLeft UIInterfaceOrientationLandscapeRight UIInterfaceOrientationPortrait UIInterfaceOrientationPortraitUpsideDown";
				LD_RUNPATH_SEARCH_PATHS = (
					"$(inherited)",
					"@executable_path/Frameworks",
				);
				MARKETING_VERSION = 1.0;
				PRODUCT_BUNDLE_IDENTIFIER = com.pinter.balazs.ExampleApp;
				PRODUCT_NAME = "$(TARGET_NAME)";
				SWIFT_EMIT_LOC_STRINGS = YES;
				SWIFT_VERSION = 5.0;
				TARGETED_DEVICE_FAMILY = "1,2";
			};
			name = Release;
		};
		D19A12062C04AA69000B1520 /* Debug */ = {
			isa = XCBuildConfiguration;
			baseConfigurationReference = 5B0E2D5EB325A76D49B5C32B /* Pods-ExampleAppTests.debug.xcconfig */;
			buildSettings = {
				ALWAYS_EMBED_SWIFT_STANDARD_LIBRARIES = "$(inherited)";
				BUNDLE_LOADER = "$(TEST_HOST)";
				CODE_SIGN_STYLE = Automatic;
				CURRENT_PROJECT_VERSION = 1;
				GENERATE_INFOPLIST_FILE = YES;
				IPHONEOS_DEPLOYMENT_TARGET = 17.5;
				MARKETING_VERSION = 1.0;
				PRODUCT_BUNDLE_IDENTIFIER = com.pinter.balazs.ExampleAppTests;
				PRODUCT_NAME = "$(TARGET_NAME)";
				SWIFT_EMIT_LOC_STRINGS = NO;
				SWIFT_VERSION = 5.0;
				TARGETED_DEVICE_FAMILY = "1,2";
				TEST_HOST = "$(BUILT_PRODUCTS_DIR)/ExampleApp.app/$(BUNDLE_EXECUTABLE_FOLDER_PATH)/ExampleApp";
			};
			name = Debug;
		};
		D19A12072C04AA69000B1520 /* Release */ = {
			isa = XCBuildConfiguration;
			baseConfigurationReference = 46CC772EAB5ECEC2E97544EC /* Pods-ExampleAppTests.release.xcconfig */;
			buildSettings = {
				ALWAYS_EMBED_SWIFT_STANDARD_LIBRARIES = "$(inherited)";
				BUNDLE_LOADER = "$(TEST_HOST)";
				CODE_SIGN_STYLE = Automatic;
				CURRENT_PROJECT_VERSION = 1;
				GENERATE_INFOPLIST_FILE = YES;
				IPHONEOS_DEPLOYMENT_TARGET = 17.5;
				MARKETING_VERSION = 1.0;
				PRODUCT_BUNDLE_IDENTIFIER = com.pinter.balazs.ExampleAppTests;
				PRODUCT_NAME = "$(TARGET_NAME)";
				SWIFT_EMIT_LOC_STRINGS = NO;
				SWIFT_VERSION = 5.0;
				TARGETED_DEVICE_FAMILY = "1,2";
				TEST_HOST = "$(BUILT_PRODUCTS_DIR)/ExampleApp.app/$(BUNDLE_EXECUTABLE_FOLDER_PATH)/ExampleApp";
			};
			name = Release;
		};
		D19A12092C04AA69000B1520 /* Debug */ = {
			isa = XCBuildConfiguration;
			baseConfigurationReference = C75FD045C2DDF3340AF4719E /* Pods-ExampleApp-ExampleAppUITests.debug.xcconfig */;
			buildSettings = {
				ALWAYS_EMBED_SWIFT_STANDARD_LIBRARIES = "$(inherited)";
				CODE_SIGN_STYLE = Automatic;
				CURRENT_PROJECT_VERSION = 1;
				GENERATE_INFOPLIST_FILE = YES;
				MARKETING_VERSION = 1.0;
				PRODUCT_BUNDLE_IDENTIFIER = com.pinter.balazs.ExampleAppUITests;
				PRODUCT_NAME = "$(TARGET_NAME)";
				SWIFT_EMIT_LOC_STRINGS = NO;
				SWIFT_VERSION = 5.0;
				TARGETED_DEVICE_FAMILY = "1,2";
				TEST_TARGET_NAME = ExampleApp;
			};
			name = Debug;
		};
		D19A120A2C04AA69000B1520 /* Release */ = {
			isa = XCBuildConfiguration;
			baseConfigurationReference = DB2392C798937B312D145AE1 /* Pods-ExampleApp-ExampleAppUITests.release.xcconfig */;
			buildSettings = {
				ALWAYS_EMBED_SWIFT_STANDARD_LIBRARIES = "$(inherited)";
				CODE_SIGN_STYLE = Automatic;
				CURRENT_PROJECT_VERSION = 1;
				GENERATE_INFOPLIST_FILE = YES;
				MARKETING_VERSION = 1.0;
				PRODUCT_BUNDLE_IDENTIFIER = com.pinter.balazs.ExampleAppUITests;
				PRODUCT_NAME = "$(TARGET_NAME)";
				SWIFT_EMIT_LOC_STRINGS = NO;
				SWIFT_VERSION = 5.0;
				TARGETED_DEVICE_FAMILY = "1,2";
				TEST_TARGET_NAME = ExampleApp;
			};
			name = Release;
		};
/* End XCBuildConfiguration section */

/* Begin XCConfigurationList section */
		D19A11D32C04AA66000B1520 /* Build configuration list for PBXProject "ExampleApp" */ = {
			isa = XCConfigurationList;
			buildConfigurations = (
				D19A12002C04AA69000B1520 /* Debug */,
				D19A12012C04AA69000B1520 /* Release */,
			);
			defaultConfigurationIsVisible = 0;
			defaultConfigurationName = Release;
		};
		D19A12022C04AA69000B1520 /* Build configuration list for PBXNativeTarget "ExampleApp" */ = {
			isa = XCConfigurationList;
			buildConfigurations = (
				D19A12032C04AA69000B1520 /* Debug */,
				D19A12042C04AA69000B1520 /* Release */,
			);
			defaultConfigurationIsVisible = 0;
			defaultConfigurationName = Release;
		};
		D19A12052C04AA69000B1520 /* Build configuration list for PBXNativeTarget "ExampleAppTests" */ = {
			isa = XCConfigurationList;
			buildConfigurations = (
				D19A12062C04AA69000B1520 /* Debug */,
				D19A12072C04AA69000B1520 /* Release */,
			);
			defaultConfigurationIsVisible = 0;
			defaultConfigurationName = Release;
		};
		D19A12082C04AA69000B1520 /* Build configuration list for PBXNativeTarget "ExampleAppUITests" */ = {
			isa = XCConfigurationList;
			buildConfigurations = (
				D19A12092C04AA69000B1520 /* Debug */,
				D19A120A2C04AA69000B1520 /* Release */,
			);
			defaultConfigurationIsVisible = 0;
			defaultConfigurationName = Release;
		};
/* End XCConfigurationList section */
	};
	rootObject = D19A11D02C04AA66000B1520 /* Project object */;
}
